
Microsoft Visual Studio Solution File, Format Version 12.00
# Visual Studio Version 17
VisualStudioVersion = 17.3.32929.385
MinimumVisualStudioVersion = 10.0.40219.1
Project("{2150E333-8FDC-42A3-9474-1A3956D46DE8}") = "src", "src", "{B48FB59C-14FC-4A91-9F1F-A26EB49FFABD}"
EndProject
Project("{2150E333-8FDC-42A3-9474-1A3956D46DE8}") = "test", "test", "{74A6DE1B-94EA-476B-ABD5-A916A486C236}"
EndProject
Project("{2150E333-8FDC-42A3-9474-1A3956D46DE8}") = "samples", "samples", "{B32D51A2-39BF-4468-A80F-49A178D4AAC3}"
EndProject
Project("{9A19103F-16F7-4668-BE54-9A1E7A4F7556}") = "IdentityServer4.Contrib.Membership", "IdentityServer4.Contrib.Membership\IdentityServer4.Contrib.Membership.csproj", "{A50141E5-D4A3-4056-BEF9-7D2AB76E33DD}"
EndProject
Project("{9A19103F-16F7-4668-BE54-9A1E7A4F7556}") = "IdentityServer4.Contrib.Membership.IdsvrDemo", "samples\IdentityServer4.Contrib.Membership.IdsvrDemo\IdentityServer4.Contrib.Membership.IdsvrDemo.csproj", "{7B095426-9FEC-471C-9696-430A51485CD4}"
EndProject
Project("{9A19103F-16F7-4668-BE54-9A1E7A4F7556}") = "IdentityServer4.Contrib.Membership.ClientDemo", "samples\IdentityServer4.Contrib.Membership.ClientDemo\IdentityServer4.Contrib.Membership.ClientDemo.csproj", "{A2A7153E-9E2A-46E9-A8C1-131B5E1AC590}"
EndProject
Project("{2150E333-8FDC-42A3-9474-1A3956D46DE8}") = "Solution Items", "Solution Items", "{9553D4AE-0E49-4D05-A4E7-FB0581A60F74}"
	ProjectSection(SolutionItems) = preProject
		..\cake.config = ..\cake.config
	EndProjectSection
EndProject
Global
	GlobalSection(SolutionConfigurationPlatforms) = preSolution
		Debug|Any CPU = Debug|Any CPU
		Release|Any CPU = Release|Any CPU
	EndGlobalSection
	GlobalSection(ProjectConfigurationPlatforms) = postSolution
		{A50141E5-D4A3-4056-BEF9-7D2AB76E33DD}.Debug|Any CPU.ActiveCfg = Debug|Any CPU
		{A50141E5-D4A3-4056-BEF9-7D2AB76E33DD}.Debug|Any CPU.Build.0 = Debug|Any CPU
		{A50141E5-D4A3-4056-BEF9-7D2AB76E33DD}.Release|Any CPU.ActiveCfg = Release|Any CPU
		{A50141E5-D4A3-4056-BEF9-7D2AB76E33DD}.Release|Any CPU.Build.0 = Release|Any CPU
		{7B095426-9FEC-471C-9696-430A51485CD4}.Debug|Any CPU.ActiveCfg = Debug|Any CPU
		{7B095426-9FEC-471C-9696-430A51485CD4}.Debug|Any CPU.Build.0 = Debug|Any CPU
		{7B095426-9FEC-471C-9696-430A51485CD4}.Release|Any CPU.ActiveCfg = Release|Any CPU
		{7B095426-9FEC-471C-9696-430A51485CD4}.Release|Any CPU.Build.0 = Release|Any CPU
		{A2A7153E-9E2A-46E9-A8C1-131B5E1AC590}.Debug|Any CPU.ActiveCfg = Debug|Any CPU
		{A2A7153E-9E2A-46E9-A8C1-131B5E1AC590}.Debug|Any CPU.Build.0 = Debug|Any CPU
		{A2A7153E-9E2A-46E9-A8C1-131B5E1AC590}.Release|Any CPU.ActiveCfg = Release|Any CPU
		{A2A7153E-9E2A-46E9-A8C1-131B5E1AC590}.Release|Any CPU.Build.0 = Release|Any CPU
	EndGlobalSection
	GlobalSection(SolutionProperties) = preSolution
		HideSolutionNode = FALSE
	EndGlobalSection
	GlobalSection(NestedProjects) = preSolution
		{A50141E5-D4A3-4056-BEF9-7D2AB76E33DD} = {B48FB59C-14FC-4A91-9F1F-A26EB49FFABD}
		{7B095426-9FEC-471C-9696-430A51485CD4} = {B32D51A2-39BF-4468-A80F-49A178D4AAC3}
		{A2A7153E-9E2A-46E9-A8C1-131B5E1AC590} = {B32D51A2-39BF-4468-A80F-49A178D4AAC3}
	EndGlobalSection
	GlobalSection(ExtensibilityGlobals) = postSolution
		SolutionGuid = {9781470E-EFA6-4282-A271-753C6C005115}
	EndGlobalSection
EndGlobal
